
Microsoft Visual Studio Solution File, Format Version 12.00
# Visual Studio Version 16
VisualStudioVersion = 16.0.30320.27
MinimumVisualStudioVersion = 10.0.40219.1
Project("{FAE04EC0-301F-11D3-BF4B-00C04F79EFBC}") = "DownloadOrganiser", "DownloadOrganiser.csproj", "{6A07DAF3-D909-4A31-9EE5-C151F7DADD8D}"
EndProject
Global
	GlobalSection(SolutionConfigurationPlatforms) = preSolution
		Debug|Any CPU = Debug|Any CPU
		Release|Any CPU = Release|Any CPU
	EndGlobalSection
	GlobalSection(ProjectConfigurationPlatforms) = postSolution
		{6A07DAF3-D909-4A31-9EE5-C151F7DADD8D}.Debug|Any CPU.ActiveCfg = Debug|Any CPU
		{6A07DAF3-D909-4A31-9EE5-C151F7DADD8D}.Debug|Any CPU.Build.0 = Debug|Any CPU
		{6A07DAF3-D909-4A31-9EE5-C151F7DADD8D}.Release|Any CPU.ActiveCfg = Release|Any CPU
		{6A07DAF3-D909-4A31-9EE5-C151F7DADD8D}.Release|Any CPU.Build.0 = Release|Any CPU
	EndGlobalSection
	GlobalSection(SolutionProperties) = preSolution
		HideSolutionNode = FALSE
	EndGlobalSection
	GlobalSection(ExtensibilityGlobals) = postSolution
		SolutionGuid = {D823795E-6630-4D73-8559-0C3B8F870765}
	EndGlobalSection
EndGlobal
